<Solution>
  <Folder Name="/1. ApiGateway/">
    <Project Path="ApiGateway/ApiGateway.csproj" />
  </Folder>
  <Folder Name="/2. Services/">
    <Project Path="GenAIService/GenAIService.csproj" />
    <Project Path="GrpcService/GrpcService.csproj" />
    <Project Path="NotificationService/NotificationService.csproj" />
    <Project Path="PaymentService/PaymentService.csproj" />
    <Project Path="RestService/RestService.csproj" />
    <Project Path="SoapService/SoapService.csproj" />
  </Folder>
  <Folder Name="/3. Repository/">
    <Project Path="BusinessLogic/BusinessLogic.csproj" />
  </Folder>
  <Folder Name="/4. CrossCuttings/">
    <Project Path="CrossCuttings/CrossCuttings.csproj" />
  </Folder>
  <Folder Name="/Solution Items/">
    <File Path="compose.yaml" />
  </Folder>
</Solution>
